
Microsoft Visual Studio Solution File, Format Version 12.00
# Visual Studio Express 15 for Windows Desktop
VisualStudioVersion = 15.0.28307.757
MinimumVisualStudioVersion = 10.0.40219.1
Project("{FAE04EC0-301F-11D3-BF4B-00C04F79EFBC}") = "WfComponent", "WfComponent\WfComponent.csproj", "{47B04FF0-830A-4E6C-8A04-3F4B1B829FBD}"
EndProject
Project("{FAE04EC0-301F-11D3-BF4B-00C04F79EFBC}") = "WfComponentTests", "WfComponentTests\WfComponentTests.csproj", "{8A46854C-4030-4A2A-8E0F-03E1763BD032}"
EndProject
Global
	GlobalSection(SolutionConfigurationPlatforms) = preSolution
		Debug|Any CPU = Debug|Any CPU
		Debug|x64 = Debug|x64
		Release|Any CPU = Release|Any CPU
		Release|x64 = Release|x64
	EndGlobalSection
	GlobalSection(ProjectConfigurationPlatforms) = postSolution
		{47B04FF0-830A-4E6C-8A04-3F4B1B829FBD}.Debug|Any CPU.ActiveCfg = Debug|x64
		{47B04FF0-830A-4E6C-8A04-3F4B1B829FBD}.Debug|Any CPU.Build.0 = Debug|x64
		{47B04FF0-830A-4E6C-8A04-3F4B1B829FBD}.Debug|x64.ActiveCfg = Debug|Any CPU
		{47B04FF0-830A-4E6C-8A04-3F4B1B829FBD}.Debug|x64.Build.0 = Debug|Any CPU
		{47B04FF0-830A-4E6C-8A04-3F4B1B829FBD}.Release|Any CPU.ActiveCfg = Release|Any CPU
		{47B04FF0-830A-4E6C-8A04-3F4B1B829FBD}.Release|Any CPU.Build.0 = Release|Any CPU
		{47B04FF0-830A-4E6C-8A04-3F4B1B829FBD}.Release|x64.ActiveCfg = Release|x64
		{47B04FF0-830A-4E6C-8A04-3F4B1B829FBD}.Release|x64.Build.0 = Release|x64
		{8A46854C-4030-4A2A-8E0F-03E1763BD032}.Debug|Any CPU.ActiveCfg = Debug|x64
		{8A46854C-4030-4A2A-8E0F-03E1763BD032}.Debug|Any CPU.Build.0 = Debug|x64
		{8A46854C-4030-4A2A-8E0F-03E1763BD032}.Debug|x64.ActiveCfg = Debug|Any CPU
		{8A46854C-4030-4A2A-8E0F-03E1763BD032}.Debug|x64.Build.0 = Debug|Any CPU
		{8A46854C-4030-4A2A-8E0F-03E1763BD032}.Release|Any CPU.ActiveCfg = Release|Any CPU
		{8A46854C-4030-4A2A-8E0F-03E1763BD032}.Release|Any CPU.Build.0 = Release|Any CPU
		{8A46854C-4030-4A2A-8E0F-03E1763BD032}.Release|x64.ActiveCfg = Release|x64
		{8A46854C-4030-4A2A-8E0F-03E1763BD032}.Release|x64.Build.0 = Release|x64
	EndGlobalSection
	GlobalSection(SolutionProperties) = preSolution
		HideSolutionNode = FALSE
	EndGlobalSection
	GlobalSection(ExtensibilityGlobals) = postSolution
		SolutionGuid = {A2C9DCDB-C9CF-4D9D-B2DB-C1F276D17474}
	EndGlobalSection
EndGlobal
